{
    "brick/math": {
        "version": "0.8.11"
    },
    "codeception/codeception": {
        "version": "2.3",
        "recipe": {
            "repo": "github.com/symfony/recipes-contrib",
            "branch": "master",
            "version": "2.3",
            "ref": "d2a29c0abee586aff913fd45fae1f59b669f4cbe"
        },
        "files": [
            "codeception.yml",
            "tests/data/.gitignore",
            "tests/output/.gitignore",
            "tests/support/AcceptanceTester.php",
            "tests/support/FunctionalTester.php",
            "tests/support/Helper/Acceptance.php",
            "tests/support/Helper/Functional.php",
            "tests/support/Helper/Unit.php",
            "tests/support/UnitTester.php",
            "tests/support/_generated/.gitignore",
            "tests/acceptance/.gitignore",
            "tests/functional/.gitignore",
            "tests/unit/.gitignore",
            "tests/acceptance.suite.yml",
            "tests/functional.suite.yml",
            "tests/unit.suite.yml"
        ]
    },
    "codeception/lib-asserts": {
        "version": "1.10.1"
    },
    "codeception/lib-innerbrowser": {
        "version": "dev-master"
    },
    "codeception/module-asserts": {
        "version": "1.1.1"
    },
    "codeception/module-symfony": {
        "version": "dev-master"
    },
    "codeception/phpunit-wrapper": {
        "version": "8.1.1"
    },
    "codeception/stub": {
        "version": "3.6.0"
    },
    "composer/xdebug-handler": {
        "version": "1.4.0"
    },
    "friends-of-behat/symfony-extension": {
        "version": "2.0",
        "recipe": {
            "repo": "github.com/symfony/recipes-contrib",
            "branch": "master",
            "version": "2.0",
            "ref": "3d21344765fd3440a85bdd27d4cada186ec628bd"
        },
        "files": [
            "behat.yml.dist",
            "config/services_test.yaml",
            "features/demo.feature",
            "tests/Behat/DemoContext.php"
        ]
    },
    "friends-of-phpspec/phpspec-code-coverage": {
        "version": "4.x-dev"
    },
    "guzzlehttp/psr7": {
        "version": "1.x-dev"
    },
    "infection/infection": {
        "version": "0.15.0"
    },
    "jangregor/phpstan-prophecy": {
        "version": "dev-master"
    },
    "justinrainbow/json-schema": {
        "version": "5.2.9"
    },
    "laminas/laminas-code": {
        "version": "3.5.x-dev"
    },
    "laminas/laminas-eventmanager": {
        "version": "3.3-dev"
    },
    "laminas/laminas-zendframework-bridge": {
        "version": "1.1.x-dev"
    },
    "ocramius/package-versions": {
        "version": "1.5.1"
    },
    "ocramius/proxy-manager": {
        "version": "2.6.x-dev"
    },
    "pdepend/pdepend": {
        "version": "2.x-dev"
    },
    "php": {
        "version": "7.4"
    },
    "phpmd/phpmd": {
        "version": "dev-master"
    },
    "phpstan/extension-installer": {
        "version": "dev-master"
    },
    "phpstan/phpstan-phpunit": {
        "version": "0.12-dev"
    },
    "phpunit/phpcov": {
        "version": "6.0-dev"
    },
    "pimple/pimple": {
        "version": "v3.2.3"
    },
    "psr/http-message": {
        "version": "1.0.x-dev"
    },
    "ralouphie/getallheaders": {
        "version": "3.0.3"
    },
    "ramsey/uuid": {
        "version": "4.x-dev"
    },
    "sebastian/finder-facade": {
        "version": "1.2.3"
    },
    "seld/jsonlint": {
        "version": "1.7.2"
    },
    "symfony/browser-kit": {
        "version": "5.0.x-dev"
    },
    "symfony/css-selector": {
        "version": "5.0.x-dev"
    },
    "symfony/dom-crawler": {
        "version": "5.0.x-dev"
    },
    "symfony/messenger": {
        "version": "4.3",
        "recipe": {
            "repo": "github.com/symfony/recipes",
            "branch": "master",
            "version": "4.3",
            "ref": "8a2675c061737658bed85102e9241c752620e575"
        },
        "files": [
            "config/packages/messenger.yaml"
        ]
    },
    "symfony/proxy-manager-bridge": {
        "version": "5.0.x-dev"
    },
    "thecodingmachine/safe": {
        "version": "v0.1.16"
    },
    "theseer/fdomdocument": {
        "version": "1.6.6"
    },
    "webimpress/safe-writer": {
        "version": "2.1.x-dev"
    },
    "webmozart/path-util": {
        "version": "2.3.0"
    }
}
